
Microsoft Visual Studio Solution File, Format Version 12.00
# Visual Studio Version 17
VisualStudioVersion = 17.5.002.0
MinimumVisualStudioVersion = 10.0.40219.1
Project("{9A19103F-16F7-4668-BE54-9A1E7A4F7556}") = "AZ2003", "AZ2003.csproj", "{2B2530D5-CE5E-450B-BFBF-A4688A45DAE2}"
EndProject
Global
	GlobalSection(SolutionConfigurationPlatforms) = preSolution
		Debug|Any CPU = Debug|Any CPU
		Release|Any CPU = Release|Any CPU
	EndGlobalSection
	GlobalSection(ProjectConfigurationPlatforms) = postSolution
		{2B2530D5-CE5E-450B-BFBF-A4688A45DAE2}.Debug|Any CPU.ActiveCfg = Debug|Any CPU
		{2B2530D5-CE5E-450B-BFBF-A4688A45DAE2}.Debug|Any CPU.Build.0 = Debug|Any CPU
		{2B2530D5-CE5E-450B-BFBF-A4688A45DAE2}.Release|Any CPU.ActiveCfg = Release|Any CPU
		{2B2530D5-CE5E-450B-BFBF-A4688A45DAE2}.Release|Any CPU.Build.0 = Release|Any CPU
	EndGlobalSection
	GlobalSection(SolutionProperties) = preSolution
		HideSolutionNode = FALSE
	EndGlobalSection
	GlobalSection(ExtensibilityGlobals) = postSolution
		SolutionGuid = {219CE491-C62B-4644-86F2-2BA85F237E81}
	EndGlobalSection
EndGlobal
